
Microsoft Visual Studio Solution File, Format Version 12.00
# Visual Studio Version 16
VisualStudioVersion = 16.0.31205.134
MinimumVisualStudioVersion = 10.0.40219.1
Project("{FAE04EC0-301F-11D3-BF4B-00C04F79EFBC}") = "List", "List\List.csproj", "{83E70068-9544-40D2-88B9-FE6D89813828}"
EndProject
Global
	GlobalSection(SolutionConfigurationPlatforms) = preSolution
		Debug|Any CPU = Debug|Any CPU
		Release|Any CPU = Release|Any CPU
	EndGlobalSection
	GlobalSection(ProjectConfigurationPlatforms) = postSolution
		{83E70068-9544-40D2-88B9-FE6D89813828}.Debug|Any CPU.ActiveCfg = Debug|Any CPU
		{83E70068-9544-40D2-88B9-FE6D89813828}.Debug|Any CPU.Build.0 = Debug|Any CPU
		{83E70068-9544-40D2-88B9-FE6D89813828}.Release|Any CPU.ActiveCfg = Release|Any CPU
		{83E70068-9544-40D2-88B9-FE6D89813828}.Release|Any CPU.Build.0 = Release|Any CPU
	EndGlobalSection
	GlobalSection(SolutionProperties) = preSolution
		HideSolutionNode = FALSE
	EndGlobalSection
	GlobalSection(ExtensibilityGlobals) = postSolution
		SolutionGuid = {F38086FA-25FC-4E7E-8F08-C26B942F08B3}
	EndGlobalSection
EndGlobal
